
Microsoft Visual Studio Solution File, Format Version 12.00
# Visual Studio Version 17
VisualStudioVersion = 17.4.33110.190
MinimumVisualStudioVersion = 10.0.40219.1
Project("{FAE04EC0-301F-11D3-BF4B-00C04F79EFBC}") = "CollegeApp", "CollegeApp\CollegeApp.csproj", "{009EEF9E-8154-4653-864F-7CDAFC35C84B}"
EndProject
Global
	GlobalSection(SolutionConfigurationPlatforms) = preSolution
		Debug|Any CPU = Debug|Any CPU
		Release|Any CPU = Release|Any CPU
	EndGlobalSection
	GlobalSection(ProjectConfigurationPlatforms) = postSolution
		{009EEF9E-8154-4653-864F-7CDAFC35C84B}.Debug|Any CPU.ActiveCfg = Debug|Any CPU
		{009EEF9E-8154-4653-864F-7CDAFC35C84B}.Debug|Any CPU.Build.0 = Debug|Any CPU
		{009EEF9E-8154-4653-864F-7CDAFC35C84B}.Release|Any CPU.ActiveCfg = Release|Any CPU
		{009EEF9E-8154-4653-864F-7CDAFC35C84B}.Release|Any CPU.Build.0 = Release|Any CPU
	EndGlobalSection
	GlobalSection(SolutionProperties) = preSolution
		HideSolutionNode = FALSE
	EndGlobalSection
	GlobalSection(ExtensibilityGlobals) = postSolution
		SolutionGuid = {459413C6-86B4-44CC-ACA3-CF792F4D9400}
	EndGlobalSection
EndGlobal
